Microsoft Visual Studio Solution File, Format Version 12.00
# Visual Studio Version 17
VisualStudioVersion = 17.9.34622.214
MinimumVisualStudioVersion = 10.0.40219.1
Project("{9A19103F-16F7-4668-BE54-9A1E7A4F7556}") = "ThingsGateway.Core", "ThingsGateway.Core\ThingsGateway.Core.csproj", "{2ECACB6C-367F-4CDA-A159-8E534F6043C1}"
EndProject
Project("{9A19103F-16F7-4668-BE54-9A1E7A4F7556}") = "ThingsGateway.Razor", "ThingsGateway.Razor\ThingsGateway.Razor.csproj", "{3D847333-E309-4A74-B951-DD31DEF21ACB}"
EndProject
Project("{9A19103F-16F7-4668-BE54-9A1E7A4F7556}") = "ThingsGateway.Admin.Application", "ThingsGateway.Admin.Application\ThingsGateway.Admin.Application.csproj", "{C101E376-1E13-4CF6-84B2-AF83E952A655}"
EndProject
Project("{9A19103F-16F7-4668-BE54-9A1E7A4F7556}") = "ThingsGateway.Admin.Razor", "ThingsGateway.Admin.Razor\ThingsGateway.Admin.Razor.csproj", "{9357F4FD-5C89-42EF-A79C-259F795234FB}"
EndProject
Project("{9A19103F-16F7-4668-BE54-9A1E7A4F7556}") = "ThingsGateway.Server", "ThingsGateway.Server\ThingsGateway.Server.csproj", "{1BED88AD-743A-4F73-8A4A-43D28DD660E6}"
EndProject
Project("{2150E333-8FDC-42A3-9474-1A3956D46DE8}") = "tools", "tools", "{D27ABAD1-F63B-4F8B-8B90-CF13229BDB8D}"
EndProject
Project("{2150E333-8FDC-42A3-9474-1A3956D46DE8}") = "admin", "admin", "{786C73E0-7B42-4EE0-8BFB-6124B90CB9DA}"
EndProject
Project("{9A19103F-16F7-4668-BE54-9A1E7A4F7556}") = "ThingsGateway.Furion", "ThingsGateway.Furion\ThingsGateway.Furion.csproj", "{F8719D36-BEB2-435A-A53D-8E5218A666EF}"
EndProject
Project("{2150E333-8FDC-42A3-9474-1A3956D46DE8}") = "other", "other", "{6896FE57-F444-416D-BA90-9AE4F4CD07F6}"
	ProjectSection(SolutionItems) = preProject
		.editorconfig = .editorconfig
		Directory.Build.props = Directory.Build.props
		Version.props = Version.props
	EndProjectSection
EndProject
Project("{9A19103F-16F7-4668-BE54-9A1E7A4F7556}") = "ThingsGateway.NewLife.X", "ThingsGateway.NewLife.X\ThingsGateway.NewLife.X.csproj", "{49F14079-E394-475A-9DA8-308466881A1F}"
EndProject
Project("{FAE04EC0-301F-11D3-BF4B-00C04F79EFBC}") = "ThingsGateway.Blazor.Diagrams", "ThingsGateway.Blazor.Diagrams\ThingsGateway.Blazor.Diagrams.csproj", "{27589371-D690-4A2B-974F-6E0738113FE0}"
EndProject
Global
	GlobalSection(SolutionConfigurationPlatforms) = preSolution
		Debug|Any CPU = Debug|Any CPU
		Release|Any CPU = Release|Any CPU
	EndGlobalSection
	GlobalSection(ProjectConfigurationPlatforms) = postSolution
		{2ECACB6C-367F-4CDA-A159-8E534F6043C1}.Debug|Any CPU.ActiveCfg = Debug|Any CPU
		{2ECACB6C-367F-4CDA-A159-8E534F6043C1}.Debug|Any CPU.Build.0 = Debug|Any CPU
		{2ECACB6C-367F-4CDA-A159-8E534F6043C1}.Release|Any CPU.ActiveCfg = Release|Any CPU
		{2ECACB6C-367F-4CDA-A159-8E534F6043C1}.Release|Any CPU.Build.0 = Release|Any CPU
		{3D847333-E309-4A74-B951-DD31DEF21ACB}.Debug|Any CPU.ActiveCfg = Debug|Any CPU
		{3D847333-E309-4A74-B951-DD31DEF21ACB}.Debug|Any CPU.Build.0 = Debug|Any CPU
		{3D847333-E309-4A74-B951-DD31DEF21ACB}.Release|Any CPU.ActiveCfg = Release|Any CPU
		{3D847333-E309-4A74-B951-DD31DEF21ACB}.Release|Any CPU.Build.0 = Release|Any CPU
		{C101E376-1E13-4CF6-84B2-AF83E952A655}.Debug|Any CPU.ActiveCfg = Debug|Any CPU
		{C101E376-1E13-4CF6-84B2-AF83E952A655}.Debug|Any CPU.Build.0 = Debug|Any CPU
		{C101E376-1E13-4CF6-84B2-AF83E952A655}.Release|Any CPU.ActiveCfg = Release|Any CPU
		{C101E376-1E13-4CF6-84B2-AF83E952A655}.Release|Any CPU.Build.0 = Release|Any CPU
		{9357F4FD-5C89-42EF-A79C-259F795234FB}.Debug|Any CPU.ActiveCfg = Debug|Any CPU
		{9357F4FD-5C89-42EF-A79C-259F795234FB}.Debug|Any CPU.Build.0 = Debug|Any CPU
		{9357F4FD-5C89-42EF-A79C-259F795234FB}.Release|Any CPU.ActiveCfg = Release|Any CPU
		{9357F4FD-5C89-42EF-A79C-259F795234FB}.Release|Any CPU.Build.0 = Release|Any CPU
		{1BED88AD-743A-4F73-8A4A-43D28DD660E6}.Debug|Any CPU.ActiveCfg = Debug|Any CPU
		{1BED88AD-743A-4F73-8A4A-43D28DD660E6}.Debug|Any CPU.Build.0 = Debug|Any CPU
		{1BED88AD-743A-4F73-8A4A-43D28DD660E6}.Release|Any CPU.ActiveCfg = Release|Any CPU
		{1BED88AD-743A-4F73-8A4A-43D28DD660E6}.Release|Any CPU.Build.0 = Release|Any CPU
		{F8719D36-BEB2-435A-A53D-8E5218A666EF}.Debug|Any CPU.ActiveCfg = Debug|Any CPU
		{F8719D36-BEB2-435A-A53D-8E5218A666EF}.Debug|Any CPU.Build.0 = Debug|Any CPU
		{F8719D36-BEB2-435A-A53D-8E5218A666EF}.Release|Any CPU.ActiveCfg = Release|Any CPU
		{F8719D36-BEB2-435A-A53D-8E5218A666EF}.Release|Any CPU.Build.0 = Release|Any CPU
		{49F14079-E394-475A-9DA8-308466881A1F}.Debug|Any CPU.ActiveCfg = Debug|Any CPU
		{49F14079-E394-475A-9DA8-308466881A1F}.Debug|Any CPU.Build.0 = Debug|Any CPU
		{49F14079-E394-475A-9DA8-308466881A1F}.Release|Any CPU.ActiveCfg = Release|Any CPU
		{49F14079-E394-475A-9DA8-308466881A1F}.Release|Any CPU.Build.0 = Release|Any CPU
		{27589371-D690-4A2B-974F-6E0738113FE0}.Debug|Any CPU.ActiveCfg = Debug|Any CPU
		{27589371-D690-4A2B-974F-6E0738113FE0}.Debug|Any CPU.Build.0 = Debug|Any CPU
		{27589371-D690-4A2B-974F-6E0738113FE0}.Release|Any CPU.ActiveCfg = Release|Any CPU
		{27589371-D690-4A2B-974F-6E0738113FE0}.Release|Any CPU.Build.0 = Release|Any CPU
	EndGlobalSection
	GlobalSection(SolutionProperties) = preSolution
		HideSolutionNode = FALSE
	EndGlobalSection
	GlobalSection(NestedProjects) = preSolution
		{2ECACB6C-367F-4CDA-A159-8E534F6043C1} = {D27ABAD1-F63B-4F8B-8B90-CF13229BDB8D}
		{3D847333-E309-4A74-B951-DD31DEF21ACB} = {D27ABAD1-F63B-4F8B-8B90-CF13229BDB8D}
		{C101E376-1E13-4CF6-84B2-AF83E952A655} = {786C73E0-7B42-4EE0-8BFB-6124B90CB9DA}
		{9357F4FD-5C89-42EF-A79C-259F795234FB} = {786C73E0-7B42-4EE0-8BFB-6124B90CB9DA}
		{F8719D36-BEB2-435A-A53D-8E5218A666EF} = {D27ABAD1-F63B-4F8B-8B90-CF13229BDB8D}
		{49F14079-E394-475A-9DA8-308466881A1F} = {D27ABAD1-F63B-4F8B-8B90-CF13229BDB8D}
		{27589371-D690-4A2B-974F-6E0738113FE0} = {D27ABAD1-F63B-4F8B-8B90-CF13229BDB8D}
	EndGlobalSection
	GlobalSection(ExtensibilityGlobals) = postSolution
		SolutionGuid = {199B1B96-4F56-4828-9531-813BA02DB282}
		RESX_NeutralResourcesLanguage = zh-Hans
		RESX_Rules = {"EnabledRules":[]}
	EndGlobalSection
EndGlobal
